
Microsoft Visual Studio Solution File, Format Version 12.00
Project("{2150E333-8FDC-42A3-9474-1A3956D46DE8}") = "src", "src", "{102AD279-FD91-432C-8C31-54196901FDD2}"
EndProject
Project("{2150E333-8FDC-42A3-9474-1A3956D46DE8}") = "tools", "tools", "{48F0B4D1-8C3C-4066-8522-B9A4D913A7C4}"
EndProject
Project("{2150E333-8FDC-42A3-9474-1A3956D46DE8}") = "Solution Items", "Solution Items", "{2180EEC2-39D2-48F3-A5FA-507A7CE0BBCB}"
ProjectSection(SolutionItems) = preProject
	docker-compose.yml = docker-compose.yml
	Dockerfile = Dockerfile
	README.md = README.md
	CHANGELOG.md = CHANGELOG.md
EndProjectSection
EndProject
Project("{FAE04EC0-301F-11D3-BF4B-00C04F79EFBC}") = "Imagination", "tools\Imagination\Imagination.csproj", "{6D71023E-50A5-42CB-AE6C-AB00B6082838}"
EndProject
Project("{FAE04EC0-301F-11D3-BF4B-00C04F79EFBC}") = "Imagination.Server", "src\Imagination.Server\Imagination.Server.csproj", "{027F31BF-08DB-47CB-ACAA-4D5CB058B698}"
EndProject
Project("{FAE04EC0-301F-11D3-BF4B-00C04F79EFBC}") = "Imagination.Domain", "src\Imagination.Domain\Imagination.Domain.csproj", "{3BF4C9D9-F27C-4DD6-B41A-E49E7A340181}"
EndProject
Project("{FAE04EC0-301F-11D3-BF4B-00C04F79EFBC}") = "Imagination.Infrastructure", "src\Imagination.Infrastructure\Imagination.Infrastructure.csproj", "{8E80DFBC-0F4A-40F1-8F9D-3AF42D74E3B4}"
EndProject
Global
	GlobalSection(SolutionConfigurationPlatforms) = preSolution
		Debug|Any CPU = Debug|Any CPU
		Release|Any CPU = Release|Any CPU
	EndGlobalSection
	GlobalSection(NestedProjects) = preSolution
		{6D71023E-50A5-42CB-AE6C-AB00B6082838} = {48F0B4D1-8C3C-4066-8522-B9A4D913A7C4}
		{027F31BF-08DB-47CB-ACAA-4D5CB058B698} = {102AD279-FD91-432C-8C31-54196901FDD2}
		{3BF4C9D9-F27C-4DD6-B41A-E49E7A340181} = {102AD279-FD91-432C-8C31-54196901FDD2}
		{8E80DFBC-0F4A-40F1-8F9D-3AF42D74E3B4} = {102AD279-FD91-432C-8C31-54196901FDD2}
	EndGlobalSection
	GlobalSection(ProjectConfigurationPlatforms) = postSolution
		{6D71023E-50A5-42CB-AE6C-AB00B6082838}.Debug|Any CPU.ActiveCfg = Debug|Any CPU
		{6D71023E-50A5-42CB-AE6C-AB00B6082838}.Debug|Any CPU.Build.0 = Debug|Any CPU
		{6D71023E-50A5-42CB-AE6C-AB00B6082838}.Release|Any CPU.ActiveCfg = Release|Any CPU
		{6D71023E-50A5-42CB-AE6C-AB00B6082838}.Release|Any CPU.Build.0 = Release|Any CPU
		{027F31BF-08DB-47CB-ACAA-4D5CB058B698}.Debug|Any CPU.ActiveCfg = Debug|Any CPU
		{027F31BF-08DB-47CB-ACAA-4D5CB058B698}.Debug|Any CPU.Build.0 = Debug|Any CPU
		{027F31BF-08DB-47CB-ACAA-4D5CB058B698}.Release|Any CPU.ActiveCfg = Release|Any CPU
		{027F31BF-08DB-47CB-ACAA-4D5CB058B698}.Release|Any CPU.Build.0 = Release|Any CPU
		{3BF4C9D9-F27C-4DD6-B41A-E49E7A340181}.Debug|Any CPU.ActiveCfg = Debug|Any CPU
		{3BF4C9D9-F27C-4DD6-B41A-E49E7A340181}.Debug|Any CPU.Build.0 = Debug|Any CPU
		{3BF4C9D9-F27C-4DD6-B41A-E49E7A340181}.Release|Any CPU.ActiveCfg = Release|Any CPU
		{3BF4C9D9-F27C-4DD6-B41A-E49E7A340181}.Release|Any CPU.Build.0 = Release|Any CPU
		{8E80DFBC-0F4A-40F1-8F9D-3AF42D74E3B4}.Debug|Any CPU.ActiveCfg = Debug|Any CPU
		{8E80DFBC-0F4A-40F1-8F9D-3AF42D74E3B4}.Debug|Any CPU.Build.0 = Debug|Any CPU
		{8E80DFBC-0F4A-40F1-8F9D-3AF42D74E3B4}.Release|Any CPU.ActiveCfg = Release|Any CPU
		{8E80DFBC-0F4A-40F1-8F9D-3AF42D74E3B4}.Release|Any CPU.Build.0 = Release|Any CPU
	EndGlobalSection
EndGlobal
